
Microsoft Visual Studio Solution File, Format Version 12.00
# Visual Studio Version 17
VisualStudioVersion = 17.0.31903.59
MinimumVisualStudioVersion = 10.0.40219.1
Project("{FAE04EC0-301F-11D3-BF4B-00C04F79EFBC}") = "DoaMais.Application", "DoaMais.Application\DoaMais.Application.csproj", "{338EFBB5-F9CB-412F-B9FC-F2B0651C860E}"
EndProject
Project("{FAE04EC0-301F-11D3-BF4B-00C04F79EFBC}") = "DoaMais.Domain", "DoaMais.Domain\DoaMais.Domain.csproj", "{1E5FE4CD-676E-4D68-AABD-3DE95EAE15C0}"
EndProject
Project("{FAE04EC0-301F-11D3-BF4B-00C04F79EFBC}") = "DoaMais.Infrastructure", "DoaMais.Infrastructure\DoaMais.Infrastructure.csproj", "{ED443B2D-1F72-4FA1-B731-CE5CDE2E9C07}"
EndProject
Project("{FAE04EC0-301F-11D3-BF4B-00C04F79EFBC}") = "DoaMais.CrossCutting", "DoaMais.CrossCutting\DoaMais.CrossCutting.csproj", "{305B6BB9-E135-4BE6-9D5A-A13A14277185}"
EndProject
Project("{FAE04EC0-301F-11D3-BF4B-00C04F79EFBC}") = "DoaMais.Tests", "DoaMais.Tests\DoaMais.Tests.csproj", "{987334FE-9BEE-412F-A040-216FD365C67A}"
EndProject
Project("{FAE04EC0-301F-11D3-BF4B-00C04F79EFBC}") = "DoaMais.API", "DoaMais.API\DoaMais.API.csproj", "{2FED36B0-1FEE-4606-8CA6-FF8A021A043E}"
EndProject
Project("{2150E333-8FDC-42A3-9474-1A3956D46DE8}") = "Itens de Solução", "Itens de Solução", "{BCDE812A-6878-4407-A464-BB7B76B3CB2B}"
	ProjectSection(SolutionItems) = preProject
		roadmap.md = roadmap.md
	EndProjectSection
EndProject
Project("{2150E333-8FDC-42A3-9474-1A3956D46DE8}") = "API", "API", "{339819C2-43A2-4A7C-9DDB-673057DD5AF7}"
EndProject
Project("{2150E333-8FDC-42A3-9474-1A3956D46DE8}") = "StockService", "StockService", "{6A3BA90F-1A95-46AA-BA45-88611EF3FAF8}"
EndProject
Project("{2150E333-8FDC-42A3-9474-1A3956D46DE8}") = "ReportService", "ReportService", "{83C724DB-5F20-422F-BBF2-3D65BA20FC11}"
EndProject
Project("{2150E333-8FDC-42A3-9474-1A3956D46DE8}") = "LowStockAlertService", "LowStockAlertService", "{6BEF54F0-4C93-4EE9-92CF-06D2D0760867}"
EndProject
Project("{2150E333-8FDC-42A3-9474-1A3956D46DE8}") = "MessageBus", "MessageBus", "{0DBA29C5-1EFF-493B-877D-22D0451DA5EB}"
EndProject
Project("{FAE04EC0-301F-11D3-BF4B-00C04F79EFBC}") = "DoaMais.MessageBus", "DoaMais.MessageBus\DoaMais.MessageBus.csproj", "{686CC251-DB1B-4BC4-B09C-1BBC9E953A97}"
EndProject
Project("{FAE04EC0-301F-11D3-BF4B-00C04F79EFBC}") = "DoaMais.StockService", "DoaMais.StockService\DoaMais.StockService.csproj", "{E7141618-2036-4374-B234-73C4D43E7252}"
EndProject
Project("{2150E333-8FDC-42A3-9474-1A3956D46DE8}") = "DonorNotificationService", "DonorNotificationService", "{22B62A14-DD40-4AA5-88F7-C61AA712B02E}"
EndProject
Project("{FAE04EC0-301F-11D3-BF4B-00C04F79EFBC}") = "DoaMais.DonorNotificationService", "DoaMais.DonorNotificationWorker\DoaMais.DonorNotificationService.csproj", "{654FF799-375F-4016-AE4D-B0227EEE7254}"
EndProject
Project("{FAE04EC0-301F-11D3-BF4B-00C04F79EFBC}") = "DoaMais.LowStockAlertService", "DoaMais.LowStockAlertService\DoaMais.LowStockAlertService.csproj", "{A21D71A1-B35C-4F49-9170-2D98AA730A1F}"
EndProject
Project("{2150E333-8FDC-42A3-9474-1A3956D46DE8}") = "HospitalNotificationService", "HospitalNotificationService", "{3729AF35-EFD9-40E5-AFC4-5868DD3CA3EB}"
EndProject
Project("{FAE04EC0-301F-11D3-BF4B-00C04F79EFBC}") = "DoaMais.HospitalNotificationService", "DoaMais.HospitalNotificationService\DoaMais.HospitalNotificationService.csproj", "{5D9B782A-71B7-4A7A-8C0A-4A710A1DF641}"
EndProject
Global
	GlobalSection(SolutionConfigurationPlatforms) = preSolution
		Debug|Any CPU = Debug|Any CPU
		Release|Any CPU = Release|Any CPU
	EndGlobalSection
	GlobalSection(ProjectConfigurationPlatforms) = postSolution
		{338EFBB5-F9CB-412F-B9FC-F2B0651C860E}.Debug|Any CPU.ActiveCfg = Debug|Any CPU
		{338EFBB5-F9CB-412F-B9FC-F2B0651C860E}.Debug|Any CPU.Build.0 = Debug|Any CPU
		{338EFBB5-F9CB-412F-B9FC-F2B0651C860E}.Release|Any CPU.ActiveCfg = Release|Any CPU
		{338EFBB5-F9CB-412F-B9FC-F2B0651C860E}.Release|Any CPU.Build.0 = Release|Any CPU
		{1E5FE4CD-676E-4D68-AABD-3DE95EAE15C0}.Debug|Any CPU.ActiveCfg = Debug|Any CPU
		{1E5FE4CD-676E-4D68-AABD-3DE95EAE15C0}.Debug|Any CPU.Build.0 = Debug|Any CPU
		{1E5FE4CD-676E-4D68-AABD-3DE95EAE15C0}.Release|Any CPU.ActiveCfg = Release|Any CPU
		{1E5FE4CD-676E-4D68-AABD-3DE95EAE15C0}.Release|Any CPU.Build.0 = Release|Any CPU
		{ED443B2D-1F72-4FA1-B731-CE5CDE2E9C07}.Debug|Any CPU.ActiveCfg = Debug|Any CPU
		{ED443B2D-1F72-4FA1-B731-CE5CDE2E9C07}.Debug|Any CPU.Build.0 = Debug|Any CPU
		{ED443B2D-1F72-4FA1-B731-CE5CDE2E9C07}.Release|Any CPU.ActiveCfg = Release|Any CPU
		{ED443B2D-1F72-4FA1-B731-CE5CDE2E9C07}.Release|Any CPU.Build.0 = Release|Any CPU
		{305B6BB9-E135-4BE6-9D5A-A13A14277185}.Debug|Any CPU.ActiveCfg = Debug|Any CPU
		{305B6BB9-E135-4BE6-9D5A-A13A14277185}.Debug|Any CPU.Build.0 = Debug|Any CPU
		{305B6BB9-E135-4BE6-9D5A-A13A14277185}.Release|Any CPU.ActiveCfg = Release|Any CPU
		{305B6BB9-E135-4BE6-9D5A-A13A14277185}.Release|Any CPU.Build.0 = Release|Any CPU
		{987334FE-9BEE-412F-A040-216FD365C67A}.Debug|Any CPU.ActiveCfg = Debug|Any CPU
		{987334FE-9BEE-412F-A040-216FD365C67A}.Debug|Any CPU.Build.0 = Debug|Any CPU
		{987334FE-9BEE-412F-A040-216FD365C67A}.Release|Any CPU.ActiveCfg = Release|Any CPU
		{987334FE-9BEE-412F-A040-216FD365C67A}.Release|Any CPU.Build.0 = Release|Any CPU
		{2FED36B0-1FEE-4606-8CA6-FF8A021A043E}.Debug|Any CPU.ActiveCfg = Debug|Any CPU
		{2FED36B0-1FEE-4606-8CA6-FF8A021A043E}.Debug|Any CPU.Build.0 = Debug|Any CPU
		{2FED36B0-1FEE-4606-8CA6-FF8A021A043E}.Release|Any CPU.ActiveCfg = Release|Any CPU
		{2FED36B0-1FEE-4606-8CA6-FF8A021A043E}.Release|Any CPU.Build.0 = Release|Any CPU
		{686CC251-DB1B-4BC4-B09C-1BBC9E953A97}.Debug|Any CPU.ActiveCfg = Debug|Any CPU
		{686CC251-DB1B-4BC4-B09C-1BBC9E953A97}.Debug|Any CPU.Build.0 = Debug|Any CPU
		{686CC251-DB1B-4BC4-B09C-1BBC9E953A97}.Release|Any CPU.ActiveCfg = Release|Any CPU
		{686CC251-DB1B-4BC4-B09C-1BBC9E953A97}.Release|Any CPU.Build.0 = Release|Any CPU
		{E7141618-2036-4374-B234-73C4D43E7252}.Debug|Any CPU.ActiveCfg = Debug|Any CPU
		{E7141618-2036-4374-B234-73C4D43E7252}.Debug|Any CPU.Build.0 = Debug|Any CPU
		{E7141618-2036-4374-B234-73C4D43E7252}.Release|Any CPU.ActiveCfg = Release|Any CPU
		{E7141618-2036-4374-B234-73C4D43E7252}.Release|Any CPU.Build.0 = Release|Any CPU
		{654FF799-375F-4016-AE4D-B0227EEE7254}.Debug|Any CPU.ActiveCfg = Debug|Any CPU
		{654FF799-375F-4016-AE4D-B0227EEE7254}.Debug|Any CPU.Build.0 = Debug|Any CPU
		{654FF799-375F-4016-AE4D-B0227EEE7254}.Release|Any CPU.ActiveCfg = Release|Any CPU
		{654FF799-375F-4016-AE4D-B0227EEE7254}.Release|Any CPU.Build.0 = Release|Any CPU
		{A21D71A1-B35C-4F49-9170-2D98AA730A1F}.Debug|Any CPU.ActiveCfg = Debug|Any CPU
		{A21D71A1-B35C-4F49-9170-2D98AA730A1F}.Debug|Any CPU.Build.0 = Debug|Any CPU
		{A21D71A1-B35C-4F49-9170-2D98AA730A1F}.Release|Any CPU.ActiveCfg = Release|Any CPU
		{A21D71A1-B35C-4F49-9170-2D98AA730A1F}.Release|Any CPU.Build.0 = Release|Any CPU
		{5D9B782A-71B7-4A7A-8C0A-4A710A1DF641}.Debug|Any CPU.ActiveCfg = Debug|Any CPU
		{5D9B782A-71B7-4A7A-8C0A-4A710A1DF641}.Debug|Any CPU.Build.0 = Debug|Any CPU
		{5D9B782A-71B7-4A7A-8C0A-4A710A1DF641}.Release|Any CPU.ActiveCfg = Release|Any CPU
		{5D9B782A-71B7-4A7A-8C0A-4A710A1DF641}.Release|Any CPU.Build.0 = Release|Any CPU
	EndGlobalSection
	GlobalSection(SolutionProperties) = preSolution
		HideSolutionNode = FALSE
	EndGlobalSection
	GlobalSection(NestedProjects) = preSolution
		{338EFBB5-F9CB-412F-B9FC-F2B0651C860E} = {339819C2-43A2-4A7C-9DDB-673057DD5AF7}
		{1E5FE4CD-676E-4D68-AABD-3DE95EAE15C0} = {339819C2-43A2-4A7C-9DDB-673057DD5AF7}
		{ED443B2D-1F72-4FA1-B731-CE5CDE2E9C07} = {339819C2-43A2-4A7C-9DDB-673057DD5AF7}
		{305B6BB9-E135-4BE6-9D5A-A13A14277185} = {339819C2-43A2-4A7C-9DDB-673057DD5AF7}
		{987334FE-9BEE-412F-A040-216FD365C67A} = {339819C2-43A2-4A7C-9DDB-673057DD5AF7}
		{2FED36B0-1FEE-4606-8CA6-FF8A021A043E} = {339819C2-43A2-4A7C-9DDB-673057DD5AF7}
		{686CC251-DB1B-4BC4-B09C-1BBC9E953A97} = {0DBA29C5-1EFF-493B-877D-22D0451DA5EB}
		{E7141618-2036-4374-B234-73C4D43E7252} = {6A3BA90F-1A95-46AA-BA45-88611EF3FAF8}
		{654FF799-375F-4016-AE4D-B0227EEE7254} = {22B62A14-DD40-4AA5-88F7-C61AA712B02E}
		{A21D71A1-B35C-4F49-9170-2D98AA730A1F} = {6BEF54F0-4C93-4EE9-92CF-06D2D0760867}
		{5D9B782A-71B7-4A7A-8C0A-4A710A1DF641} = {3729AF35-EFD9-40E5-AFC4-5868DD3CA3EB}
	EndGlobalSection
EndGlobal
